
Microsoft Visual Studio Solution File, Format Version 12.00
# Visual Studio Version 16
VisualStudioVersion = 16.0.31410.357
MinimumVisualStudioVersion = 10.0.40219.1
Project("{FAE04EC0-301F-11D3-BF4B-00C04F79EFBC}") = "WechatPaySDK", "WechatPaySDK\WechatPaySDK.csproj", "{206452DA-8771-4947-BA6B-C14923634D32}"
EndProject
Global
	GlobalSection(SolutionConfigurationPlatforms) = preSolution
		Debug|Any CPU = Debug|Any CPU
		Release|Any CPU = Release|Any CPU
	EndGlobalSection
	GlobalSection(ProjectConfigurationPlatforms) = postSolution
		{206452DA-8771-4947-BA6B-C14923634D32}.Debug|Any CPU.ActiveCfg = Debug|Any CPU
		{206452DA-8771-4947-BA6B-C14923634D32}.Debug|Any CPU.Build.0 = Debug|Any CPU
		{206452DA-8771-4947-BA6B-C14923634D32}.Release|Any CPU.ActiveCfg = Release|Any CPU
		{206452DA-8771-4947-BA6B-C14923634D32}.Release|Any CPU.Build.0 = Release|Any CPU
	EndGlobalSection
	GlobalSection(SolutionProperties) = preSolution
		HideSolutionNode = FALSE
	EndGlobalSection
	GlobalSection(ExtensibilityGlobals) = postSolution
		SolutionGuid = {D7DF46AB-3766-498F-9863-D3DD1864A22E}
	EndGlobalSection
EndGlobal
